// !$*UTF8*$!
{
	archiveVersion = 1;
	classes = {
	};
	objectVersion = 56;
	objects = {

/* Begin PBXBuildFile section */
		68C421E12A16C0510017D24F /* DemoApp.swift in Sources */ = {isa = PBXBuildFile; fileRef = 68C421E02A16C0510017D24F /* DemoApp.swift */; };
		68C421E32A16C0510017D24F /* ContentView.swift in Sources */ = {isa = PBXBuildFile; fileRef = 68C421E22A16C0510017D24F /* ContentView.swift */; };
		68C421E52A16C0530017D24F /* Assets.xcassets in Resources */ = {isa = PBXBuildFile; fileRef = 68C421E42A16C0530017D24F /* Assets.xcassets */; };
		68C421E82A16C0530017D24F /* Preview Assets.xcassets in Resources */ = {isa = PBXBuildFile; fileRef = 68C421E72A16C0530017D24F /* Preview Assets.xcassets */; };
		68C421F02A16C2150017D24F /* GoogleService-Info.plist in Resources */ = {isa = PBXBuildFile; fileRef = 68C421EF2A16C2150017D24F /* GoogleService-Info.plist */; };
		68C421F32A16C2EF0017D24F /* FirebaseAuth in Frameworks */ = {isa = PBXBuildFile; productRef = 68C421F22A16C2EF0017D24F /* FirebaseAuth */; };
		68C421F72A16C3BE0017D24F /* LoginView.swift in Sources */ = {isa = PBXBuildFile; fileRef = 68C421F62A16C3BE0017D24F /* LoginView.swift */; };
		68C421FA2A1A9E5F0017D24F /* FirebaseFirestore in Frameworks */ = {isa = PBXBuildFile; productRef = 68C421F92A1A9E5F0017D24F /* FirebaseFirestore */; };
		68C421FC2A1A9E5F0017D24F /* FirebaseFirestoreSwift in Frameworks */ = {isa = PBXBuildFile; productRef = 68C421FB2A1A9E5F0017D24F /* FirebaseFirestoreSwift */; };
		68C421FE2A1A9E5F0017D24F /* FirebaseStorage in Frameworks */ = {isa = PBXBuildFile; productRef = 68C421FD2A1A9E5F0017D24F /* FirebaseStorage */; };
		68C422002A1AEA120017D24F /* User.swift in Sources */ = {isa = PBXBuildFile; fileRef = 68C421FF2A1AEA120017D24F /* User.swift */; };
		68C422022A1B06A30017D24F /* LoadingView.swift in Sources */ = {isa = PBXBuildFile; fileRef = 68C422012A1B06A30017D24F /* LoadingView.swift */; };
		68C422062A22DDB40017D24F /* RegisterView.swift in Sources */ = {isa = PBXBuildFile; fileRef = 68C422052A22DDB40017D24F /* RegisterView.swift */; };
		68C422092A22DF2A0017D24F /* View+Extensions.swift in Sources */ = {isa = PBXBuildFile; fileRef = 68C422082A22DF2A0017D24F /* View+Extensions.swift */; };
		68C4220B2A22E1370017D24F /* MainView.swift in Sources */ = {isa = PBXBuildFile; fileRef = 68C4220A2A22E1370017D24F /* MainView.swift */; };
		68C4220D2A22E4C60017D24F /* ProfileView.swift in Sources */ = {isa = PBXBuildFile; fileRef = 68C4220C2A22E4C60017D24F /* ProfileView.swift */; };
		68C4220F2A230A540017D24F /* ReusableProfileContent.swift in Sources */ = {isa = PBXBuildFile; fileRef = 68C4220E2A230A540017D24F /* ReusableProfileContent.swift */; };
		68C422122A230D280017D24F /* SDWebImageSwiftUI in Frameworks */ = {isa = PBXBuildFile; productRef = 68C422112A230D280017D24F /* SDWebImageSwiftUI */; };
		68C422142A25181C0017D24F /* CreateNewPost.swift in Sources */ = {isa = PBXBuildFile; fileRef = 68C422132A25181C0017D24F /* CreateNewPost.swift */; };
		68C422162A2518A10017D24F /* Post.swift in Sources */ = {isa = PBXBuildFile; fileRef = 68C422152A2518A10017D24F /* Post.swift */; };
		68C422182A25382C0017D24F /* PostsView.swift in Sources */ = {isa = PBXBuildFile; fileRef = 68C422172A25382C0017D24F /* PostsView.swift */; };
		68C4221A2A2969CB0017D24F /* ReusablePostsView.swift in Sources */ = {isa = PBXBuildFile; fileRef = 68C422192A2969CB0017D24F /* ReusablePostsView.swift */; };
		68C4221C2A2970D20017D24F /* PostCardView.swift in Sources */ = {isa = PBXBuildFile; fileRef = 68C4221B2A2970D20017D24F /* PostCardView.swift */; };
		68C422202A2AC2CE0017D24F /* SearchUserView.swift in Sources */ = {isa = PBXBuildFile; fileRef = 68C4221F2A2AC2CE0017D24F /* SearchUserView.swift */; };
/* End PBXBuildFile section */

/* Begin PBXFileReference section */
		68C421DD2A16C0510017D24F /* Demo.app */ = {isa = PBXFileReference; explicitFileType = wrapper.application; includeInIndex = 0; path = Demo.app; sourceTree = BUILT_PRODUCTS_DIR; };
		68C421E02A16C0510017D24F /* DemoApp.swift */ = {isa = PBXFileReference; lastKnownFileType = sourcecode.swift; path = DemoApp.swift; sourceTree = "<group>"; };
		68C421E22A16C0510017D24F /* ContentView.swift */ = {isa = PBXFileReference; lastKnownFileType = sourcecode.swift; path = ContentView.swift; sourceTree = "<group>"; };
		68C421E42A16C0530017D24F /* Assets.xcassets */ = {isa = PBXFileReference; lastKnownFileType = folder.assetcatalog; path = Assets.xcassets; sourceTree = "<group>"; };
		68C421E72A16C0530017D24F /* Preview Assets.xcassets */ = {isa = PBXFileReference; lastKnownFileType = folder.assetcatalog; path = "Preview Assets.xcassets"; sourceTree = "<group>"; };
		68C421E92A16C0530017D24F /* Demo.entitlements */ = {isa = PBXFileReference; lastKnownFileType = text.plist.entitlements; path = Demo.entitlements; sourceTree = "<group>"; };
		68C421EF2A16C2150017D24F /* GoogleService-Info.plist */ = {isa = PBXFileReference; fileEncoding = 4; lastKnownFileType = text.plist.xml; path = "GoogleService-Info.plist"; sourceTree = "<group>"; };
		68C421F62A16C3BE0017D24F /* LoginView.swift */ = {isa = PBXFileReference; lastKnownFileType = sourcecode.swift; path = LoginView.swift; sourceTree = "<group>"; };
		68C421FF2A1AEA120017D24F /* User.swift */ = {isa = PBXFileReference; lastKnownFileType = sourcecode.swift; path = User.swift; sourceTree = "<group>"; };
		68C422012A1B06A30017D24F /* LoadingView.swift */ = {isa = PBXFileReference; lastKnownFileType = sourcecode.swift; path = LoadingView.swift; sourceTree = "<group>"; };
		68C422052A22DDB40017D24F /* RegisterView.swift */ = {isa = PBXFileReference; lastKnownFileType = sourcecode.swift; path = RegisterView.swift; sourceTree = "<group>"; };
		68C422082A22DF2A0017D24F /* View+Extensions.swift */ = {isa = PBXFileReference; lastKnownFileType = sourcecode.swift; path = "View+Extensions.swift"; sourceTree = "<group>"; };
		68C4220A2A22E1370017D24F /* MainView.swift */ = {isa = PBXFileReference; lastKnownFileType = sourcecode.swift; path = MainView.swift; sourceTree = "<group>"; };
		68C4220C2A22E4C60017D24F /* ProfileView.swift */ = {isa = PBXFileReference; lastKnownFileType = sourcecode.swift; path = ProfileView.swift; sourceTree = "<group>"; };
		68C4220E2A230A540017D24F /* ReusableProfileContent.swift */ = {isa = PBXFileReference; lastKnownFileType = sourcecode.swift; path = ReusableProfileContent.swift; sourceTree = "<group>"; };
		68C422132A25181C0017D24F /* CreateNewPost.swift */ = {isa = PBXFileReference; lastKnownFileType = sourcecode.swift; path = CreateNewPost.swift; sourceTree = "<group>"; };
		68C422152A2518A10017D24F /* Post.swift */ = {isa = PBXFileReference; lastKnownFileType = sourcecode.swift; path = Post.swift; sourceTree = "<group>"; };
		68C422172A25382C0017D24F /* PostsView.swift */ = {isa = PBXFileReference; lastKnownFileType = sourcecode.swift; path = PostsView.swift; sourceTree = "<group>"; };
		68C422192A2969CB0017D24F /* ReusablePostsView.swift */ = {isa = PBXFileReference; lastKnownFileType = sourcecode.swift; path = ReusablePostsView.swift; sourceTree = "<group>"; };
		68C4221B2A2970D20017D24F /* PostCardView.swift */ = {isa = PBXFileReference; lastKnownFileType = sourcecode.swift; path = PostCardView.swift; sourceTree = "<group>"; };
		68C4221F2A2AC2CE0017D24F /* SearchUserView.swift */ = {isa = PBXFileReference; lastKnownFileType = sourcecode.swift; path = SearchUserView.swift; sourceTree = "<group>"; };
/* End PBXFileReference section */

/* Begin PBXFrameworksBuildPhase section */
		68C421DA2A16C0510017D24F /* Frameworks */ = {
			isa = PBXFrameworksBuildPhase;
			buildActionMask = 2147483647;
			files = (
				68C422122A230D280017D24F /* SDWebImageSwiftUI in Frameworks */,
				68C421F32A16C2EF0017D24F /* FirebaseAuth in Frameworks */,
				68C421FE2A1A9E5F0017D24F /* FirebaseStorage in Frameworks */,
				68C421FA2A1A9E5F0017D24F /* FirebaseFirestore in Frameworks */,
				68C421FC2A1A9E5F0017D24F /* FirebaseFirestoreSwift in Frameworks */,
			);
			runOnlyForDeploymentPostprocessing = 0;
		};
/* End PBXFrameworksBuildPhase section */

/* Begin PBXGroup section */
		68C421D42A16C0510017D24F = {
			isa = PBXGroup;
			children = (
				68C421DF2A16C0510017D24F /* Demo */,
				68C421DE2A16C0510017D24F /* Products */,
				68C421F82A1A9E5F0017D24F /* Frameworks */,
			);
			sourceTree = "<group>";
		};
		68C421DE2A16C0510017D24F /* Products */ = {
			isa = PBXGroup;
			children = (
				68C421DD2A16C0510017D24F /* Demo.app */,
			);
			name = Products;
			sourceTree = "<group>";
		};
		68C421DF2A16C0510017D24F /* Demo */ = {
			isa = PBXGroup;
			children = (
				68C421F52A16C32D0017D24F /* Model */,
				68C421F42A16C3140017D24F /* View */,
				68C421EF2A16C2150017D24F /* GoogleService-Info.plist */,
				68C421E02A16C0510017D24F /* DemoApp.swift */,
				68C421E22A16C0510017D24F /* ContentView.swift */,
				68C421E42A16C0530017D24F /* Assets.xcassets */,
				68C421E92A16C0530017D24F /* Demo.entitlements */,
				68C421E62A16C0530017D24F /* Preview Content */,
			);
			path = Demo;
			sourceTree = "<group>";
		};
		68C421E62A16C0530017D24F /* Preview Content */ = {
			isa = PBXGroup;
			children = (
				68C421E72A16C0530017D24F /* Preview Assets.xcassets */,
			);
			path = "Preview Content";
			sourceTree = "<group>";
		};
		68C421F42A16C3140017D24F /* View */ = {
			isa = PBXGroup;
			children = (
				68C422072A22DF050017D24F /* Helpers */,
				68C422042A22DD320017D24F /* MainView */,
				68C422032A22DD0D0017D24F /* Login */,
				68C422012A1B06A30017D24F /* LoadingView.swift */,
			);
			path = View;
			sourceTree = "<group>";
		};
		68C421F52A16C32D0017D24F /* Model */ = {
			isa = PBXGroup;
			children = (
				68C421FF2A1AEA120017D24F /* User.swift */,
				68C422152A2518A10017D24F /* Post.swift */,
			);
			path = Model;
			sourceTree = "<group>";
		};
		68C421F82A1A9E5F0017D24F /* Frameworks */ = {
			isa = PBXGroup;
			children = (
			);
			name = Frameworks;
			sourceTree = "<group>";
		};
		68C422032A22DD0D0017D24F /* Login */ = {
			isa = PBXGroup;
			children = (
				68C421F62A16C3BE0017D24F /* LoginView.swift */,
				68C422052A22DDB40017D24F /* RegisterView.swift */,
			);
			path = Login;
			sourceTree = "<group>";
		};
		68C422042A22DD320017D24F /* MainView */ = {
			isa = PBXGroup;
			children = (
				68C4220A2A22E1370017D24F /* MainView.swift */,
				68C422132A25181C0017D24F /* CreateNewPost.swift */,
				68C4221E2A2ABF680017D24F /* ProfileView */,
				68C4221D2A2ABF420017D24F /* PostView */,
				68C4221F2A2AC2CE0017D24F /* SearchUserView.swift */,
			);
			path = MainView;
			sourceTree = "<group>";
		};
		68C422072A22DF050017D24F /* Helpers */ = {
			isa = PBXGroup;
			children = (
				68C422082A22DF2A0017D24F /* View+Extensions.swift */,
			);
			path = Helpers;
			sourceTree = "<group>";
		};
		68C4221D2A2ABF420017D24F /* PostView */ = {
			isa = PBXGroup;
			children = (
				68C422172A25382C0017D24F /* PostsView.swift */,
				68C422192A2969CB0017D24F /* ReusablePostsView.swift */,
				68C4221B2A2970D20017D24F /* PostCardView.swift */,
			);
			path = PostView;
			sourceTree = "<group>";
		};
		68C4221E2A2ABF680017D24F /* ProfileView */ = {
			isa = PBXGroup;
			children = (
				68C4220C2A22E4C60017D24F /* ProfileView.swift */,
				68C4220E2A230A540017D24F /* ReusableProfileContent.swift */,
			);
			path = ProfileView;
			sourceTree = "<group>";
		};
/* End PBXGroup section */

/* Begin PBXNativeTarget section */
		68C421DC2A16C0510017D24F /* Demo */ = {
			isa = PBXNativeTarget;
			buildConfigurationList = 68C421EC2A16C0530017D24F /* Build configuration list for PBXNativeTarget "Demo" */;
			buildPhases = (
				68C421D92A16C0510017D24F /* Sources */,
				68C421DA2A16C0510017D24F /* Frameworks */,
				68C421DB2A16C0510017D24F /* Resources */,
			);
			buildRules = (
			);
			dependencies = (
			);
			name = Demo;
			packageProductDependencies = (
				68C421F22A16C2EF0017D24F /* FirebaseAuth */,
				68C421F92A1A9E5F0017D24F /* FirebaseFirestore */,
				68C421FB2A1A9E5F0017D24F /* FirebaseFirestoreSwift */,
				68C421FD2A1A9E5F0017D24F /* FirebaseStorage */,
				68C422112A230D280017D24F /* SDWebImageSwiftUI */,
			);
			productName = Demo;
			productReference = 68C421DD2A16C0510017D24F /* Demo.app */;
			productType = "com.apple.product-type.application";
		};
/* End PBXNativeTarget section */

/* Begin PBXProject section */
		68C421D52A16C0510017D24F /* Project object */ = {
			isa = PBXProject;
			attributes = {
				BuildIndependentTargetsInParallel = 1;
				LastSwiftUpdateCheck = 1430;
				LastUpgradeCheck = 1430;
				TargetAttributes = {
					68C421DC2A16C0510017D24F = {
						CreatedOnToolsVersion = 14.3;
					};
				};
			};
			buildConfigurationList = 68C421D82A16C0510017D24F /* Build configuration list for PBXProject "Demo" */;
			compatibilityVersion = "Xcode 14.0";
			developmentRegion = en;
			hasScannedForEncodings = 0;
			knownRegions = (
				en,
				Base,
			);
			mainGroup = 68C421D42A16C0510017D24F;
			packageReferences = (
				68C421F12A16C2EF0017D24F /* XCRemoteSwiftPackageReference "firebase-ios-sdk" */,
				68C422102A230D280017D24F /* XCRemoteSwiftPackageReference "SDWebImageSwiftUI" */,
			);
			productRefGroup = 68C421DE2A16C0510017D24F /* Products */;
			projectDirPath = "";
			projectRoot = "";
			targets = (
				68C421DC2A16C0510017D24F /* Demo */,
			);
		};
/* End PBXProject section */

/* Begin PBXResourcesBuildPhase section */
		68C421DB2A16C0510017D24F /* Resources */ = {
			isa = PBXResourcesBuildPhase;
			buildActionMask = 2147483647;
			files = (
				68C421E82A16C0530017D24F /* Preview Assets.xcassets in Resources */,
				68C421E52A16C0530017D24F /* Assets.xcassets in Resources */,
				68C421F02A16C2150017D24F /* GoogleService-Info.plist in Resources */,
			);
			runOnlyForDeploymentPostprocessing = 0;
		};
/* End PBXResourcesBuildPhase section */

/* Begin PBXSourcesBuildPhase section */
		68C421D92A16C0510017D24F /* Sources */ = {
			isa = PBXSourcesBuildPhase;
			buildActionMask = 2147483647;
			files = (
				68C422002A1AEA120017D24F /* User.swift in Sources */,
				68C4220D2A22E4C60017D24F /* ProfileView.swift in Sources */,
				68C4220F2A230A540017D24F /* ReusableProfileContent.swift in Sources */,
				68C422162A2518A10017D24F /* Post.swift in Sources */,
				68C4220B2A22E1370017D24F /* MainView.swift in Sources */,
				68C421F72A16C3BE0017D24F /* LoginView.swift in Sources */,
				68C421E32A16C0510017D24F /* ContentView.swift in Sources */,
				68C4221A2A2969CB0017D24F /* ReusablePostsView.swift in Sources */,
				68C422092A22DF2A0017D24F /* View+Extensions.swift in Sources */,
				68C422142A25181C0017D24F /* CreateNewPost.swift in Sources */,
				68C422182A25382C0017D24F /* PostsView.swift in Sources */,
				68C422062A22DDB40017D24F /* RegisterView.swift in Sources */,
				68C4221C2A2970D20017D24F /* PostCardView.swift in Sources */,
				68C422022A1B06A30017D24F /* LoadingView.swift in Sources */,
				68C421E12A16C0510017D24F /* DemoApp.swift in Sources */,
				68C422202A2AC2CE0017D24F /* SearchUserView.swift in Sources */,
			);
			runOnlyForDeploymentPostprocessing = 0;
		};
/* End PBXSourcesBuildPhase section */

/* Begin XCBuildConfiguration section */
		68C421EA2A16C0530017D24F /* Debug */ = {
			isa = XCBuildConfiguration;
			buildSettings = {
				ALWAYS_SEARCH_USER_PATHS = NO;
				CLANG_ANALYZER_NONNULL = YES;
				CLANG_ANALYZER_NUMBER_OBJECT_CONVERSION = YES_AGGRESSIVE;
				CLANG_CXX_LANGUAGE_STANDARD = "gnu++20";
				CLANG_ENABLE_MODULES = YES;
				CLANG_ENABLE_OBJC_ARC = YES;
				CLANG_ENABLE_OBJC_WEAK = YES;
				CLANG_WARN_BLOCK_CAPTURE_AUTORELEASING = YES;
				CLANG_WARN_BOOL_CONVERSION = YES;
				CLANG_WARN_COMMA = YES;
				CLANG_WARN_CONSTANT_CONVERSION = YES;
				CLANG_WARN_DEPRECATED_OBJC_IMPLEMENTATIONS = YES;
				CLANG_WARN_DIRECT_OBJC_ISA_USAGE = YES_ERROR;
				CLANG_WARN_DOCUMENTATION_COMMENTS = YES;
				CLANG_WARN_EMPTY_BODY = YES;
				CLANG_WARN_ENUM_CONVERSION = YES;
				CLANG_WARN_INFINITE_RECURSION = YES;
				CLANG_WARN_INT_CONVERSION = YES;
				CLANG_WARN_NON_LITERAL_NULL_CONVERSION = YES;
				CLANG_WARN_OBJC_IMPLICIT_RETAIN_SELF = YES;
				CLANG_WARN_OBJC_LITERAL_CONVERSION = YES;
				CLANG_WARN_OBJC_ROOT_CLASS = YES_ERROR;
				CLANG_WARN_QUOTED_INCLUDE_IN_FRAMEWORK_HEADER = YES;
				CLANG_WARN_RANGE_LOOP_ANALYSIS = YES;
				CLANG_WARN_STRICT_PROTOTYPES = YES;
				CLANG_WARN_SUSPICIOUS_MOVE = YES;
				CLANG_WARN_UNGUARDED_AVAILABILITY = YES_AGGRESSIVE;
				CLANG_WARN_UNREACHABLE_CODE = YES;
				CLANG_WARN__DUPLICATE_METHOD_MATCH = YES;
				COPY_PHASE_STRIP = NO;
				DEBUG_INFORMATION_FORMAT = dwarf;
				ENABLE_STRICT_OBJC_MSGSEND = YES;
				ENABLE_TESTABILITY = YES;
				GCC_C_LANGUAGE_STANDARD = gnu11;
				GCC_DYNAMIC_NO_PIC = NO;
				GCC_NO_COMMON_BLOCKS = YES;
				GCC_OPTIMIZATION_LEVEL = 0;
				GCC_PREPROCESSOR_DEFINITIONS = (
					"DEBUG=1",
					"$(inherited)",
				);
				GCC_WARN_64_TO_32_BIT_CONVERSION = YES;
				GCC_WARN_ABOUT_RETURN_TYPE = YES_ERROR;
				GCC_WARN_UNDECLARED_SELECTOR = YES;
				GCC_WARN_UNINITIALIZED_AUTOS = YES_AGGRESSIVE;
				GCC_WARN_UNUSED_FUNCTION = YES;
				GCC_WARN_UNUSED_VARIABLE = YES;
				MACOSX_DEPLOYMENT_TARGET = 13.3;
				MTL_ENABLE_DEBUG_INFO = INCLUDE_SOURCE;
				MTL_FAST_MATH = YES;
				ONLY_ACTIVE_ARCH = YES;
				SDKROOT = macosx;
				SWIFT_ACTIVE_COMPILATION_CONDITIONS = DEBUG;
				SWIFT_OPTIMIZATION_LEVEL = "-Onone";
			};
			name = Debug;
		};
		68C421EB2A16C0530017D24F /* Release */ = {
			isa = XCBuildConfiguration;
			buildSettings = {
				ALWAYS_SEARCH_USER_PATHS = NO;
				CLANG_ANALYZER_NONNULL = YES;
				CLANG_ANALYZER_NUMBER_OBJECT_CONVERSION = YES_AGGRESSIVE;
				CLANG_CXX_LANGUAGE_STANDARD = "gnu++20";
				CLANG_ENABLE_MODULES = YES;
				CLANG_ENABLE_OBJC_ARC = YES;
				CLANG_ENABLE_OBJC_WEAK = YES;
				CLANG_WARN_BLOCK_CAPTURE_AUTORELEASING = YES;
				CLANG_WARN_BOOL_CONVERSION = YES;
				CLANG_WARN_COMMA = YES;
				CLANG_WARN_CONSTANT_CONVERSION = YES;
				CLANG_WARN_DEPRECATED_OBJC_IMPLEMENTATIONS = YES;
				CLANG_WARN_DIRECT_OBJC_ISA_USAGE = YES_ERROR;
				CLANG_WARN_DOCUMENTATION_COMMENTS = YES;
				CLANG_WARN_EMPTY_BODY = YES;
				CLANG_WARN_ENUM_CONVERSION = YES;
				CLANG_WARN_INFINITE_RECURSION = YES;
				CLANG_WARN_INT_CONVERSION = YES;
				CLANG_WARN_NON_LITERAL_NULL_CONVERSION = YES;
				CLANG_WARN_OBJC_IMPLICIT_RETAIN_SELF = YES;
				CLANG_WARN_OBJC_LITERAL_CONVERSION = YES;
				CLANG_WARN_OBJC_ROOT_CLASS = YES_ERROR;
				CLANG_WARN_QUOTED_INCLUDE_IN_FRAMEWORK_HEADER = YES;
				CLANG_WARN_RANGE_LOOP_ANALYSIS = YES;
				CLANG_WARN_STRICT_PROTOTYPES = YES;
				CLANG_WARN_SUSPICIOUS_MOVE = YES;
				CLANG_WARN_UNGUARDED_AVAILABILITY = YES_AGGRESSIVE;
				CLANG_WARN_UNREACHABLE_CODE = YES;
				CLANG_WARN__DUPLICATE_METHOD_MATCH = YES;
				COPY_PHASE_STRIP = NO;
				DEBUG_INFORMATION_FORMAT = "dwarf-with-dsym";
				ENABLE_NS_ASSERTIONS = NO;
				ENABLE_STRICT_OBJC_MSGSEND = YES;
				GCC_C_LANGUAGE_STANDARD = gnu11;
				GCC_NO_COMMON_BLOCKS = YES;
				GCC_WARN_64_TO_32_BIT_CONVERSION = YES;
				GCC_WARN_ABOUT_RETURN_TYPE = YES_ERROR;
				GCC_WARN_UNDECLARED_SELECTOR = YES;
				GCC_WARN_UNINITIALIZED_AUTOS = YES_AGGRESSIVE;
				GCC_WARN_UNUSED_FUNCTION = YES;
				GCC_WARN_UNUSED_VARIABLE = YES;
				MACOSX_DEPLOYMENT_TARGET = 13.3;
				MTL_ENABLE_DEBUG_INFO = NO;
				MTL_FAST_MATH = YES;
				SDKROOT = macosx;
				SWIFT_COMPILATION_MODE = wholemodule;
				SWIFT_OPTIMIZATION_LEVEL = "-O";
			};
			name = Release;
		};
		68C421ED2A16C0530017D24F /* Debug */ = {
			isa = XCBuildConfiguration;
			buildSettings = {
				ASSETCATALOG_COMPILER_APPICON_NAME = AppIcon;
				ASSETCATALOG_COMPILER_GLOBAL_ACCENT_COLOR_NAME = AccentColor;
				ASSETCATALOG_COMPILER_INCLUDE_ALL_APPICON_ASSETS = NO;
				CODE_SIGN_ENTITLEMENTS = Demo/Demo.entitlements;
				CODE_SIGN_STYLE = Automatic;
				COMBINE_HIDPI_IMAGES = YES;
				CURRENT_PROJECT_VERSION = 1;
				DEVELOPMENT_ASSET_PATHS = "\"Demo/Preview Content\"";
				DEVELOPMENT_TEAM = PPR753AM9K;
				ENABLE_PREVIEWS = YES;
				GENERATE_INFOPLIST_FILE = YES;
				INFOPLIST_KEY_NSHumanReadableCopyright = "";
				INFOPLIST_KEY_UILaunchStoryboardName = LL;
				INFOPLIST_KEY_UIStatusBarStyle = "";
				INFOPLIST_KEY_UISupportedInterfaceOrientations = UIInterfaceOrientationPortrait;
				IPHONEOS_DEPLOYMENT_TARGET = 16.3;
				LD_RUNPATH_SEARCH_PATHS = (
					"$(inherited)",
					"@executable_path/../Frameworks",
				);
				MARKETING_VERSION = 1.0;
				PRODUCT_BUNDLE_IDENTIFIER = Brennan.Demo;
				PRODUCT_NAME = "$(TARGET_NAME)";
				SUPPORTED_PLATFORMS = "iphoneos iphonesimulator macosx";
				SUPPORTS_MACCATALYST = NO;
				SUPPORTS_MAC_DESIGNED_FOR_IPHONE_IPAD = NO;
				SWIFT_EMIT_LOC_STRINGS = YES;
				SWIFT_VERSION = 5.0;
				TARGETED_DEVICE_FAMILY = 1;
			};
			name = Debug;
		};
		68C421EE2A16C0530017D24F /* Release */ = {
			isa = XCBuildConfiguration;
			buildSettings = {
				ASSETCATALOG_COMPILER_APPICON_NAME = AppIcon;
				ASSETCATALOG_COMPILER_GLOBAL_ACCENT_COLOR_NAME = AccentColor;
				ASSETCATALOG_COMPILER_INCLUDE_ALL_APPICON_ASSETS = NO;
				CODE_SIGN_ENTITLEMENTS = Demo/Demo.entitlements;
				CODE_SIGN_STYLE = Automatic;
				COMBINE_HIDPI_IMAGES = YES;
				CURRENT_PROJECT_VERSION = 1;
				DEVELOPMENT_ASSET_PATHS = "\"Demo/Preview Content\"";
				DEVELOPMENT_TEAM = PPR753AM9K;
				ENABLE_PREVIEWS = YES;
				GENERATE_INFOPLIST_FILE = YES;
				INFOPLIST_KEY_NSHumanReadableCopyright = "";
				INFOPLIST_KEY_UILaunchStoryboardName = LL;
				INFOPLIST_KEY_UIStatusBarStyle = "";
				INFOPLIST_KEY_UISupportedInterfaceOrientations = UIInterfaceOrientationPortrait;
				IPHONEOS_DEPLOYMENT_TARGET = 16.3;
				LD_RUNPATH_SEARCH_PATHS = (
					"$(inherited)",
					"@executable_path/../Frameworks",
				);
				MARKETING_VERSION = 1.0;
				PRODUCT_BUNDLE_IDENTIFIER = Brennan.Demo;
				PRODUCT_NAME = "$(TARGET_NAME)";
				SUPPORTED_PLATFORMS = "iphoneos iphonesimulator macosx";
				SUPPORTS_MACCATALYST = NO;
				SUPPORTS_MAC_DESIGNED_FOR_IPHONE_IPAD = NO;
				SWIFT_EMIT_LOC_STRINGS = YES;
				SWIFT_VERSION = 5.0;
				TARGETED_DEVICE_FAMILY = 1;
			};
			name = Release;
		};
/* End XCBuildConfiguration section */

/* Begin XCConfigurationList section */
		68C421D82A16C0510017D24F /* Build configuration list for PBXProject "Demo" */ = {
			isa = XCConfigurationList;
			buildConfigurations = (
				68C421EA2A16C0530017D24F /* Debug */,
				68C421EB2A16C0530017D24F /* Release */,
			);
			defaultConfigurationIsVisible = 0;
			defaultConfigurationName = Release;
		};
		68C421EC2A16C0530017D24F /* Build configuration list for PBXNativeTarget "Demo" */ = {
			isa = XCConfigurationList;
			buildConfigurations = (
				68C421ED2A16C0530017D24F /* Debug */,
				68C421EE2A16C0530017D24F /* Release */,
			);
			defaultConfigurationIsVisible = 0;
			defaultConfigurationName = Release;
		};
/* End XCConfigurationList section */

/* Begin XCRemoteSwiftPackageReference section */
		68C421F12A16C2EF0017D24F /* XCRemoteSwiftPackageReference "firebase-ios-sdk" */ = {
			isa = XCRemoteSwiftPackageReference;
			repositoryURL = "https://github.com/firebase/firebase-ios-sdk";
			requirement = {
				kind = upToNextMajorVersion;
				minimumVersion = 10.0.0;
			};
		};
		68C422102A230D280017D24F /* XCRemoteSwiftPackageReference "SDWebImageSwiftUI" */ = {
			isa = XCRemoteSwiftPackageReference;
			repositoryURL = "https://github.com/SDWebImage/SDWebImageSwiftUI";
			requirement = {
				kind = upToNextMajorVersion;
				minimumVersion = 2.0.0;
			};
		};
/* End XCRemoteSwiftPackageReference section */

/* Begin XCSwiftPackageProductDependency section */
		68C421F22A16C2EF0017D24F /* FirebaseAuth */ = {
			isa = XCSwiftPackageProductDependency;
			package = 68C421F12A16C2EF0017D24F /* XCRemoteSwiftPackageReference "firebase-ios-sdk" */;
			productName = FirebaseAuth;
		};
		68C421F92A1A9E5F0017D24F /* FirebaseFirestore */ = {
			isa = XCSwiftPackageProductDependency;
			package = 68C421F12A16C2EF0017D24F /* XCRemoteSwiftPackageReference "firebase-ios-sdk" */;
			productName = FirebaseFirestore;
		};
		68C421FB2A1A9E5F0017D24F /* FirebaseFirestoreSwift */ = {
			isa = XCSwiftPackageProductDependency;
			package = 68C421F12A16C2EF0017D24F /* XCRemoteSwiftPackageReference "firebase-ios-sdk" */;
			productName = FirebaseFirestoreSwift;
		};
		68C421FD2A1A9E5F0017D24F /* FirebaseStorage */ = {
			isa = XCSwiftPackageProductDependency;
			package = 68C421F12A16C2EF0017D24F /* XCRemoteSwiftPackageReference "firebase-ios-sdk" */;
			productName = FirebaseStorage;
		};
		68C422112A230D280017D24F /* SDWebImageSwiftUI */ = {
			isa = XCSwiftPackageProductDependency;
			package = 68C422102A230D280017D24F /* XCRemoteSwiftPackageReference "SDWebImageSwiftUI" */;
			productName = SDWebImageSwiftUI;
		};
/* End XCSwiftPackageProductDependency section */
	};
	rootObject = 68C421D52A16C0510017D24F /* Project object */;
}
